
Microsoft Visual Studio Solution File, Format Version 12.00
# Visual Studio Version 17
VisualStudioVersion = 17.14.36109.1 d17.14
MinimumVisualStudioVersion = 10.0.40219.1
Project("{FAE04EC0-301F-11D3-BF4B-00C04F79EFBC}") = "Warehouse Inventory Manager", "Warehouse Inventory Manager.csproj", "{76004E70-FEEE-4C8A-A432-154F05A5BAF3}"
EndProject
Global
	GlobalSection(SolutionConfigurationPlatforms) = preSolution
		Debug|Any CPU = Debug|Any CPU
		Release|Any CPU = Release|Any CPU
	EndGlobalSection
	GlobalSection(ProjectConfigurationPlatforms) = postSolution
		{76004E70-FEEE-4C8A-A432-154F05A5BAF3}.Debug|Any CPU.ActiveCfg = Debug|Any CPU
		{76004E70-FEEE-4C8A-A432-154F05A5BAF3}.Debug|Any CPU.Build.0 = Debug|Any CPU
		{76004E70-FEEE-4C8A-A432-154F05A5BAF3}.Release|Any CPU.ActiveCfg = Release|Any CPU
		{76004E70-FEEE-4C8A-A432-154F05A5BAF3}.Release|Any CPU.Build.0 = Release|Any CPU
	EndGlobalSection
	GlobalSection(SolutionProperties) = preSolution
		HideSolutionNode = FALSE
	EndGlobalSection
	GlobalSection(ExtensibilityGlobals) = postSolution
		SolutionGuid = {64055E25-CB4C-4A72-8B5A-6A04777A2A69}
	EndGlobalSection
EndGlobal
